// !$*UTF8*$!
{
	archiveVersion = 1;
	classes = {
	};
	objectVersion = 70;
	objects = {

/* Begin PBXBuildFile section */
		D7B682E12DBEB9F7008CC9B0 /* ImportRestoreView.swift in Sources */ = {isa = PBXBuildFile; fileRef = D7B682E02DBEB9F2008CC9B0 /* ImportRestoreView.swift */; };
		D7CEC87E2DB87EF4008A013D /* Lato-Black.ttf in Resources */ = {isa = PBXBuildFile; fileRef = D7CEC84A2DB87EF4008A013D /* Lato-Black.ttf */; };
		D7CEC87F2DB87EF4008A013D /* Lato-BlackItalic.ttf in Resources */ = {isa = PBXBuildFile; fileRef = D7CEC84B2DB87EF4008A013D /* Lato-BlackItalic.ttf */; };
		D7CEC8802DB87EF4008A013D /* Lato-Bold.ttf in Resources */ = {isa = PBXBuildFile; fileRef = D7CEC84C2DB87EF4008A013D /* Lato-Bold.ttf */; };
		D7CEC8812DB87EF4008A013D /* Lato-BoldItalic.ttf in Resources */ = {isa = PBXBuildFile; fileRef = D7CEC84D2DB87EF4008A013D /* Lato-BoldItalic.ttf */; };
		D7CEC8822DB87EF4008A013D /* Lato-Italic.ttf in Resources */ = {isa = PBXBuildFile; fileRef = D7CEC84E2DB87EF4008A013D /* Lato-Italic.ttf */; };
		D7CEC8832DB87EF4008A013D /* Lato-Light.ttf in Resources */ = {isa = PBXBuildFile; fileRef = D7CEC84F2DB87EF4008A013D /* Lato-Light.ttf */; };
		D7CEC8842DB87EF4008A013D /* Lato-LightItalic.ttf in Resources */ = {isa = PBXBuildFile; fileRef = D7CEC8502DB87EF4008A013D /* Lato-LightItalic.ttf */; };
		D7CEC8852DB87EF4008A013D /* Lato-Regular.ttf in Resources */ = {isa = PBXBuildFile; fileRef = D7CEC8512DB87EF4008A013D /* Lato-Regular.ttf */; };
		D7CEC8862DB87EF4008A013D /* Lato-Thin.ttf in Resources */ = {isa = PBXBuildFile; fileRef = D7CEC8522DB87EF4008A013D /* Lato-Thin.ttf */; };
		D7CEC8872DB87EF4008A013D /* Lato-ThinItalic.ttf in Resources */ = {isa = PBXBuildFile; fileRef = D7CEC8532DB87EF4008A013D /* Lato-ThinItalic.ttf */; };
		D7CEC8882DB87EF4008A013D /* OpenSans.ttf in Resources */ = {isa = PBXBuildFile; fileRef = D7CEC8542DB87EF4008A013D /* OpenSans.ttf */; };
		D7CEC8892DB87EF4008A013D /* Preview Assets.xcassets in Resources */ = {isa = PBXBuildFile; fileRef = D7CEC8622DB87EF4008A013D /* Preview Assets.xcassets */; };
		D7CEC88A2DB87EF4008A013D /* Assets.xcassets in Resources */ = {isa = PBXBuildFile; fileRef = D7CEC8792DB87EF4008A013D /* Assets.xcassets */; };
		D7CEC88C2DB87EF4008A013D /* LaunchScreen.storyboard in Resources */ = {isa = PBXBuildFile; fileRef = D7CEC87B2DB87EF4008A013D /* LaunchScreen.storyboard */; };
		D7CEC88D2DB87EF4008A013D /* LineChart.swift in Sources */ = {isa = PBXBuildFile; fileRef = D7CEC8482DB87EF4008A013D /* LineChart.swift */; };
		D7CEC88E2DB87EF4008A013D /* AppStorageManager.swift in Sources */ = {isa = PBXBuildFile; fileRef = D7CEC8562DB87EF4008A013D /* AppStorageManager.swift */; };
		D7CEC88F2DB87EF4008A013D /* BackupManager.swift in Sources */ = {isa = PBXBuildFile; fileRef = D7CEC8572DB87EF4008A013D /* BackupManager.swift */; };
		D7CEC8902DB87EF4008A013D /* Debouncer.swift in Sources */ = {isa = PBXBuildFile; fileRef = D7CEC8582DB87EF4008A013D /* Debouncer.swift */; };
		D7CEC8912DB87EF4008A013D /* LatoFont.swift in Sources */ = {isa = PBXBuildFile; fileRef = D7CEC8592DB87EF4008A013D /* LatoFont.swift */; };
		D7CEC8922DB87EF4008A013D /* NumbersOnlyViewModifier.swift in Sources */ = {isa = PBXBuildFile; fileRef = D7CEC85A2DB87EF4008A013D /* NumbersOnlyViewModifier.swift */; };
		D7CEC8932DB87EF4008A013D /* SwiftDataPreviewContainer.swift in Sources */ = {isa = PBXBuildFile; fileRef = D7CEC85B2DB87EF4008A013D /* SwiftDataPreviewContainer.swift */; };
		D7CEC8942DB87EF4008A013D /* Activity.swift in Sources */ = {isa = PBXBuildFile; fileRef = D7CEC85D2DB87EF4008A013D /* Activity.swift */; };
		D7CEC8952DB87EF4008A013D /* Exercise.swift in Sources */ = {isa = PBXBuildFile; fileRef = D7CEC85E2DB87EF4008A013D /* Exercise.swift */; };
		D7CEC8962DB87EF4008A013D /* SetData.swift in Sources */ = {isa = PBXBuildFile; fileRef = D7CEC85F2DB87EF4008A013D /* SetData.swift */; };
		D7CEC8972DB87EF4008A013D /* Workout.swift in Sources */ = {isa = PBXBuildFile; fileRef = D7CEC8602DB87EF4008A013D /* Workout.swift */; };
		D7CEC8982DB87EF4008A013D /* HistoryDetail.swift in Sources */ = {isa = PBXBuildFile; fileRef = D7CEC8642DB87EF4008A013D /* HistoryDetail.swift */; };
		D7CEC8992DB87EF4008A013D /* HistoryRow.swift in Sources */ = {isa = PBXBuildFile; fileRef = D7CEC8652DB87EF4008A013D /* HistoryRow.swift */; };
		D7CEC89A2DB87EF4008A013D /* HistoryView.swift in Sources */ = {isa = PBXBuildFile; fileRef = D7CEC8662DB87EF4008A013D /* HistoryView.swift */; };
		D7CEC89B2DB87EF4008A013D /* ActivityView.swift in Sources */ = {isa = PBXBuildFile; fileRef = D7CEC8682DB87EF4008A013D /* ActivityView.swift */; };
		D7CEC89C2DB87EF4008A013D /* ExerciseSearch.swift in Sources */ = {isa = PBXBuildFile; fileRef = D7CEC8692DB87EF4008A013D /* ExerciseSearch.swift */; };
		D7CEC89D2DB87EF4008A013D /* WorkoutView.swift in Sources */ = {isa = PBXBuildFile; fileRef = D7CEC86A2DB87EF4008A013D /* WorkoutView.swift */; };
		D7CEC89E2DB87EF4008A013D /* HomeView.swift in Sources */ = {isa = PBXBuildFile; fileRef = D7CEC86C2DB87EF4008A013D /* HomeView.swift */; };
		D7CEC89F2DB87EF4008A013D /* ProfileView.swift in Sources */ = {isa = PBXBuildFile; fileRef = D7CEC86D2DB87EF4008A013D /* ProfileView.swift */; };
		D7CEC8A02DB87EF4008A013D /* BackupRestoreView.swift in Sources */ = {isa = PBXBuildFile; fileRef = D7CEC86F2DB87EF4008A013D /* BackupRestoreView.swift */; };
		D7CEC8A12DB87EF4008A013D /* SettingsView.swift in Sources */ = {isa = PBXBuildFile; fileRef = D7CEC8702DB87EF4008A013D /* SettingsView.swift */; };
		D7CEC8A22DB87EF4008A013D /* StatsView.swift in Sources */ = {isa = PBXBuildFile; fileRef = D7CEC8722DB87EF4008A013D /* StatsView.swift */; };
		D7CEC8A32DB87EF4008A013D /* ComingSoon.swift in Sources */ = {isa = PBXBuildFile; fileRef = D7CEC8752DB87EF4008A013D /* ComingSoon.swift */; };
		D7CEC8A42DB87EF4008A013D /* MainTabView.swift in Sources */ = {isa = PBXBuildFile; fileRef = D7CEC8762DB87EF4008A013D /* MainTabView.swift */; };
		D7CEC8A52DB87EF4008A013D /* Tester.swift in Sources */ = {isa = PBXBuildFile; fileRef = D7CEC8772DB87EF4008A013D /* Tester.swift */; };
		D7CEC8A62DB87EF4008A013D /* SwiftLiftApp.swift in Sources */ = {isa = PBXBuildFile; fileRef = D7CEC87C2DB87EF4008A013D /* SwiftLiftApp.swift */; };
/* End PBXBuildFile section */

/* Begin PBXContainerItemProxy section */
		D7FAB3182D852308000A49BD /* PBXContainerItemProxy */ = {
			isa = PBXContainerItemProxy;
			containerPortal = D7B90E652AA8309500F9EC41 /* Project object */;
			proxyType = 1;
			remoteGlobalIDString = D7B90E6C2AA8309500F9EC41;
			remoteInfo = SwiftLift;
		};
		D7FAB3272D85232A000A49BD /* PBXContainerItemProxy */ = {
			isa = PBXContainerItemProxy;
			containerPortal = D7B90E652AA8309500F9EC41 /* Project object */;
			proxyType = 1;
			remoteGlobalIDString = D7B90E6C2AA8309500F9EC41;
			remoteInfo = SwiftLift;
		};
/* End PBXContainerItemProxy section */

/* Begin PBXFileReference section */
		D742706E2AA924250020503C /* README.md */ = {isa = PBXFileReference; explicitFileType = net.daringfireball.markdown; path = README.md; sourceTree = "<group>"; };
		D7B682E02DBEB9F2008CC9B0 /* ImportRestoreView.swift */ = {isa = PBXFileReference; lastKnownFileType = sourcecode.swift; path = ImportRestoreView.swift; sourceTree = "<group>"; };
		D7B90E6D2AA8309500F9EC41 /* SwiftLift.app */ = {isa = PBXFileReference; explicitFileType = wrapper.application; includeInIndex = 0; path = SwiftLift.app; sourceTree = BUILT_PRODUCTS_DIR; };
		D7CEC8482DB87EF4008A013D /* LineChart.swift */ = {isa = PBXFileReference; lastKnownFileType = sourcecode.swift; path = LineChart.swift; sourceTree = "<group>"; };
		D7CEC84A2DB87EF4008A013D /* Lato-Black.ttf */ = {isa = PBXFileReference; lastKnownFileType = file; path = "Lato-Black.ttf"; sourceTree = "<group>"; };
		D7CEC84B2DB87EF4008A013D /* Lato-BlackItalic.ttf */ = {isa = PBXFileReference; lastKnownFileType = file; path = "Lato-BlackItalic.ttf"; sourceTree = "<group>"; };
		D7CEC84C2DB87EF4008A013D /* Lato-Bold.ttf */ = {isa = PBXFileReference; lastKnownFileType = file; path = "Lato-Bold.ttf"; sourceTree = "<group>"; };
		D7CEC84D2DB87EF4008A013D /* Lato-BoldItalic.ttf */ = {isa = PBXFileReference; lastKnownFileType = file; path = "Lato-BoldItalic.ttf"; sourceTree = "<group>"; };
		D7CEC84E2DB87EF4008A013D /* Lato-Italic.ttf */ = {isa = PBXFileReference; lastKnownFileType = file; path = "Lato-Italic.ttf"; sourceTree = "<group>"; };
		D7CEC84F2DB87EF4008A013D /* Lato-Light.ttf */ = {isa = PBXFileReference; lastKnownFileType = file; path = "Lato-Light.ttf"; sourceTree = "<group>"; };
		D7CEC8502DB87EF4008A013D /* Lato-LightItalic.ttf */ = {isa = PBXFileReference; lastKnownFileType = file; path = "Lato-LightItalic.ttf"; sourceTree = "<group>"; };
		D7CEC8512DB87EF4008A013D /* Lato-Regular.ttf */ = {isa = PBXFileReference; lastKnownFileType = file; path = "Lato-Regular.ttf"; sourceTree = "<group>"; };
		D7CEC8522DB87EF4008A013D /* Lato-Thin.ttf */ = {isa = PBXFileReference; lastKnownFileType = file; path = "Lato-Thin.ttf"; sourceTree = "<group>"; };
		D7CEC8532DB87EF4008A013D /* Lato-ThinItalic.ttf */ = {isa = PBXFileReference; lastKnownFileType = file; path = "Lato-ThinItalic.ttf"; sourceTree = "<group>"; };
		D7CEC8542DB87EF4008A013D /* OpenSans.ttf */ = {isa = PBXFileReference; lastKnownFileType = file; path = OpenSans.ttf; sourceTree = "<group>"; };
		D7CEC8562DB87EF4008A013D /* AppStorageManager.swift */ = {isa = PBXFileReference; lastKnownFileType = sourcecode.swift; path = AppStorageManager.swift; sourceTree = "<group>"; };
		D7CEC8572DB87EF4008A013D /* BackupManager.swift */ = {isa = PBXFileReference; lastKnownFileType = sourcecode.swift; path = BackupManager.swift; sourceTree = "<group>"; };
		D7CEC8582DB87EF4008A013D /* Debouncer.swift */ = {isa = PBXFileReference; lastKnownFileType = sourcecode.swift; path = Debouncer.swift; sourceTree = "<group>"; };
		D7CEC8592DB87EF4008A013D /* LatoFont.swift */ = {isa = PBXFileReference; lastKnownFileType = sourcecode.swift; path = LatoFont.swift; sourceTree = "<group>"; };
		D7CEC85A2DB87EF4008A013D /* NumbersOnlyViewModifier.swift */ = {isa = PBXFileReference; lastKnownFileType = sourcecode.swift; path = NumbersOnlyViewModifier.swift; sourceTree = "<group>"; };
		D7CEC85B2DB87EF4008A013D /* SwiftDataPreviewContainer.swift */ = {isa = PBXFileReference; lastKnownFileType = sourcecode.swift; path = SwiftDataPreviewContainer.swift; sourceTree = "<group>"; };
		D7CEC85D2DB87EF4008A013D /* Activity.swift */ = {isa = PBXFileReference; lastKnownFileType = sourcecode.swift; path = Activity.swift; sourceTree = "<group>"; };
		D7CEC85E2DB87EF4008A013D /* Exercise.swift */ = {isa = PBXFileReference; lastKnownFileType = sourcecode.swift; path = Exercise.swift; sourceTree = "<group>"; };
		D7CEC85F2DB87EF4008A013D /* SetData.swift */ = {isa = PBXFileReference; lastKnownFileType = sourcecode.swift; path = SetData.swift; sourceTree = "<group>"; };
		D7CEC8602DB87EF4008A013D /* Workout.swift */ = {isa = PBXFileReference; lastKnownFileType = sourcecode.swift; path = Workout.swift; sourceTree = "<group>"; };
		D7CEC8622DB87EF4008A013D /* Preview Assets.xcassets */ = {isa = PBXFileReference; lastKnownFileType = folder.assetcatalog; path = "Preview Assets.xcassets"; sourceTree = "<group>"; };
		D7CEC8642DB87EF4008A013D /* HistoryDetail.swift */ = {isa = PBXFileReference; lastKnownFileType = sourcecode.swift; path = HistoryDetail.swift; sourceTree = "<group>"; };
		D7CEC8652DB87EF4008A013D /* HistoryRow.swift */ = {isa = PBXFileReference; lastKnownFileType = sourcecode.swift; path = HistoryRow.swift; sourceTree = "<group>"; };
		D7CEC8662DB87EF4008A013D /* HistoryView.swift */ = {isa = PBXFileReference; lastKnownFileType = sourcecode.swift; path = HistoryView.swift; sourceTree = "<group>"; };
		D7CEC8682DB87EF4008A013D /* ActivityView.swift */ = {isa = PBXFileReference; lastKnownFileType = sourcecode.swift; path = ActivityView.swift; sourceTree = "<group>"; };
		D7CEC8692DB87EF4008A013D /* ExerciseSearch.swift */ = {isa = PBXFileReference; lastKnownFileType = sourcecode.swift; path = ExerciseSearch.swift; sourceTree = "<group>"; };
		D7CEC86A2DB87EF4008A013D /* WorkoutView.swift */ = {isa = PBXFileReference; lastKnownFileType = sourcecode.swift; path = WorkoutView.swift; sourceTree = "<group>"; };
		D7CEC86C2DB87EF4008A013D /* HomeView.swift */ = {isa = PBXFileReference; lastKnownFileType = sourcecode.swift; path = HomeView.swift; sourceTree = "<group>"; };
		D7CEC86D2DB87EF4008A013D /* ProfileView.swift */ = {isa = PBXFileReference; lastKnownFileType = sourcecode.swift; path = ProfileView.swift; sourceTree = "<group>"; };
		D7CEC86F2DB87EF4008A013D /* BackupRestoreView.swift */ = {isa = PBXFileReference; lastKnownFileType = sourcecode.swift; path = BackupRestoreView.swift; sourceTree = "<group>"; };
		D7CEC8702DB87EF4008A013D /* SettingsView.swift */ = {isa = PBXFileReference; lastKnownFileType = sourcecode.swift; path = SettingsView.swift; sourceTree = "<group>"; };
		D7CEC8722DB87EF4008A013D /* StatsView.swift */ = {isa = PBXFileReference; lastKnownFileType = sourcecode.swift; path = StatsView.swift; sourceTree = "<group>"; };
		D7CEC8752DB87EF4008A013D /* ComingSoon.swift */ = {isa = PBXFileReference; lastKnownFileType = sourcecode.swift; path = ComingSoon.swift; sourceTree = "<group>"; };
		D7CEC8762DB87EF4008A013D /* MainTabView.swift */ = {isa = PBXFileReference; lastKnownFileType = sourcecode.swift; path = MainTabView.swift; sourceTree = "<group>"; };
		D7CEC8772DB87EF4008A013D /* Tester.swift */ = {isa = PBXFileReference; lastKnownFileType = sourcecode.swift; path = Tester.swift; sourceTree = "<group>"; };
		D7CEC8792DB87EF4008A013D /* Assets.xcassets */ = {isa = PBXFileReference; lastKnownFileType = folder.assetcatalog; path = Assets.xcassets; sourceTree = "<group>"; };
		D7CEC87A2DB87EF4008A013D /* Info.plist */ = {isa = PBXFileReference; lastKnownFileType = text.plist.xml; path = Info.plist; sourceTree = "<group>"; };
		D7CEC87B2DB87EF4008A013D /* LaunchScreen.storyboard */ = {isa = PBXFileReference; lastKnownFileType = file.storyboard; path = LaunchScreen.storyboard; sourceTree = "<group>"; };
		D7CEC87C2DB87EF4008A013D /* SwiftLiftApp.swift */ = {isa = PBXFileReference; lastKnownFileType = sourcecode.swift; path = SwiftLiftApp.swift; sourceTree = "<group>"; };
		D7D6E3AF2D839EAE0038A4B1 /* ci_post_xcodebuild.sh */ = {isa = PBXFileReference; lastKnownFileType = text.script.sh; path = ci_post_xcodebuild.sh; sourceTree = "<group>"; };
		D7D6E3B02D83A5B30038A4B1 /* ci_post_clone.sh */ = {isa = PBXFileReference; lastKnownFileType = text.script.sh; path = ci_post_clone.sh; sourceTree = "<group>"; };
		D7FAB3142D852308000A49BD /* SwiftLiftUnitTests.xctest */ = {isa = PBXFileReference; explicitFileType = wrapper.cfbundle; includeInIndex = 0; path = SwiftLiftUnitTests.xctest; sourceTree = BUILT_PRODUCTS_DIR; };
		D7FAB3212D85232A000A49BD /* SwiftLiftUITests.xctest */ = {isa = PBXFileReference; explicitFileType = wrapper.cfbundle; includeInIndex = 0; path = SwiftLiftUITests.xctest; sourceTree = BUILT_PRODUCTS_DIR; };
/* End PBXFileReference section */

/* Begin PBXFileSystemSynchronizedRootGroup section */
		D7FAB3152D852308000A49BD /* SwiftLiftUnitTests */ = {isa = PBXFileSystemSynchronizedRootGroup; explicitFileTypes = {}; explicitFolders = (); path = SwiftLiftUnitTests; sourceTree = "<group>"; };
		D7FAB3222D85232A000A49BD /* SwiftLiftUITests */ = {isa = PBXFileSystemSynchronizedRootGroup; explicitFileTypes = {}; explicitFolders = (); path = SwiftLiftUITests; sourceTree = "<group>"; };
/* End PBXFileSystemSynchronizedRootGroup section */

/* Begin PBXFrameworksBuildPhase section */
		D7B90E6A2AA8309500F9EC41 /* Frameworks */ = {
			isa = PBXFrameworksBuildPhase;
			buildActionMask = 2147483647;
			files = (
			);
			runOnlyForDeploymentPostprocessing = 0;
		};
		D7FAB3112D852308000A49BD /* Frameworks */ = {
			isa = PBXFrameworksBuildPhase;
			buildActionMask = 2147483647;
			files = (
			);
			runOnlyForDeploymentPostprocessing = 0;
		};
		D7FAB31E2D85232A000A49BD /* Frameworks */ = {
			isa = PBXFrameworksBuildPhase;
			buildActionMask = 2147483647;
			files = (
			);
			runOnlyForDeploymentPostprocessing = 0;
		};
/* End PBXFrameworksBuildPhase section */

/* Begin PBXGroup section */
		D7B90E642AA8309500F9EC41 = {
			isa = PBXGroup;
			children = (
				D7D6E3AE2D8397DF0038A4B1 /* ci_scripts */,
				D742706E2AA924250020503C /* README.md */,
				D7FAB3152D852308000A49BD /* SwiftLiftUnitTests */,
				D7FAB3222D85232A000A49BD /* SwiftLiftUITests */,
				D7B90E6E2AA8309500F9EC41 /* Products */,
				D7CEC87D2DB87EF4008A013D /* SwiftLift */,
			);
			sourceTree = "<group>";
		};
		D7B90E6E2AA8309500F9EC41 /* Products */ = {
			isa = PBXGroup;
			children = (
				D7B90E6D2AA8309500F9EC41 /* SwiftLift.app */,
				D7FAB3142D852308000A49BD /* SwiftLiftUnitTests.xctest */,
				D7FAB3212D85232A000A49BD /* SwiftLiftUITests.xctest */,
			);
			name = Products;
			sourceTree = "<group>";
		};
		D7CEC8492DB87EF4008A013D /* Charts */ = {
			isa = PBXGroup;
			children = (
				D7CEC8482DB87EF4008A013D /* LineChart.swift */,
			);
			path = Charts;
			sourceTree = "<group>";
		};
		D7CEC8552DB87EF4008A013D /* Fonts */ = {
			isa = PBXGroup;
			children = (
				D7CEC84A2DB87EF4008A013D /* Lato-Black.ttf */,
				D7CEC84B2DB87EF4008A013D /* Lato-BlackItalic.ttf */,
				D7CEC84C2DB87EF4008A013D /* Lato-Bold.ttf */,
				D7CEC84D2DB87EF4008A013D /* Lato-BoldItalic.ttf */,
				D7CEC84E2DB87EF4008A013D /* Lato-Italic.ttf */,
				D7CEC84F2DB87EF4008A013D /* Lato-Light.ttf */,
				D7CEC8502DB87EF4008A013D /* Lato-LightItalic.ttf */,
				D7CEC8512DB87EF4008A013D /* Lato-Regular.ttf */,
				D7CEC8522DB87EF4008A013D /* Lato-Thin.ttf */,
				D7CEC8532DB87EF4008A013D /* Lato-ThinItalic.ttf */,
				D7CEC8542DB87EF4008A013D /* OpenSans.ttf */,
			);
			path = Fonts;
			sourceTree = "<group>";
		};
		D7CEC85C2DB87EF4008A013D /* Helpers */ = {
			isa = PBXGroup;
			children = (
				D7CEC8562DB87EF4008A013D /* AppStorageManager.swift */,
				D7CEC8572DB87EF4008A013D /* BackupManager.swift */,
				D7CEC8582DB87EF4008A013D /* Debouncer.swift */,
				D7CEC8592DB87EF4008A013D /* LatoFont.swift */,
				D7CEC85A2DB87EF4008A013D /* NumbersOnlyViewModifier.swift */,
				D7CEC85B2DB87EF4008A013D /* SwiftDataPreviewContainer.swift */,
			);
			path = Helpers;
			sourceTree = "<group>";
		};
		D7CEC8612DB87EF4008A013D /* Models */ = {
			isa = PBXGroup;
			children = (
				D7CEC85D2DB87EF4008A013D /* Activity.swift */,
				D7CEC85E2DB87EF4008A013D /* Exercise.swift */,
				D7CEC85F2DB87EF4008A013D /* SetData.swift */,
				D7CEC8602DB87EF4008A013D /* Workout.swift */,
			);
			path = Models;
			sourceTree = "<group>";
		};
		D7CEC8632DB87EF4008A013D /* Preview Content */ = {
			isa = PBXGroup;
			children = (
				D7CEC8622DB87EF4008A013D /* Preview Assets.xcassets */,
			);
			path = "Preview Content";
			sourceTree = "<group>";
		};
		D7CEC8672DB87EF4008A013D /* History */ = {
			isa = PBXGroup;
			children = (
				D7CEC8642DB87EF4008A013D /* HistoryDetail.swift */,
				D7CEC8652DB87EF4008A013D /* HistoryRow.swift */,
				D7CEC8662DB87EF4008A013D /* HistoryView.swift */,
			);
			path = History;
			sourceTree = "<group>";
		};
		D7CEC86B2DB87EF4008A013D /* Workout */ = {
			isa = PBXGroup;
			children = (
				D7CEC8682DB87EF4008A013D /* ActivityView.swift */,
				D7CEC8692DB87EF4008A013D /* ExerciseSearch.swift */,
				D7CEC86A2DB87EF4008A013D /* WorkoutView.swift */,
			);
			path = Workout;
			sourceTree = "<group>";
		};
		D7CEC86E2DB87EF4008A013D /* Home */ = {
			isa = PBXGroup;
			children = (
				D7CEC86B2DB87EF4008A013D /* Workout */,
				D7CEC86C2DB87EF4008A013D /* HomeView.swift */,
				D7CEC86D2DB87EF4008A013D /* ProfileView.swift */,
			);
			path = Home;
			sourceTree = "<group>";
		};
		D7CEC8712DB87EF4008A013D /* Settings */ = {
			isa = PBXGroup;
			children = (
				D7B682E02DBEB9F2008CC9B0 /* ImportRestoreView.swift */,
				D7CEC86F2DB87EF4008A013D /* BackupRestoreView.swift */,
				D7CEC8702DB87EF4008A013D /* SettingsView.swift */,
			);
			path = Settings;
			sourceTree = "<group>";
		};
		D7CEC8732DB87EF4008A013D /* Stats */ = {
			isa = PBXGroup;
			children = (
				D7CEC8722DB87EF4008A013D /* StatsView.swift */,
			);
			path = Stats;
			sourceTree = "<group>";
		};
		D7CEC8742DB87EF4008A013D /* Tabs */ = {
			isa = PBXGroup;
			children = (
				D7CEC8672DB87EF4008A013D /* History */,
				D7CEC86E2DB87EF4008A013D /* Home */,
				D7CEC8712DB87EF4008A013D /* Settings */,
				D7CEC8732DB87EF4008A013D /* Stats */,
			);
			path = Tabs;
			sourceTree = "<group>";
		};
		D7CEC8782DB87EF4008A013D /* Views */ = {
			isa = PBXGroup;
			children = (
				D7CEC8742DB87EF4008A013D /* Tabs */,
				D7CEC8752DB87EF4008A013D /* ComingSoon.swift */,
				D7CEC8762DB87EF4008A013D /* MainTabView.swift */,
				D7CEC8772DB87EF4008A013D /* Tester.swift */,
			);
			path = Views;
			sourceTree = "<group>";
		};
		D7CEC87D2DB87EF4008A013D /* SwiftLift */ = {
			isa = PBXGroup;
			children = (
				D7CEC8492DB87EF4008A013D /* Charts */,
				D7CEC8552DB87EF4008A013D /* Fonts */,
				D7CEC85C2DB87EF4008A013D /* Helpers */,
				D7CEC8612DB87EF4008A013D /* Models */,
				D7CEC8632DB87EF4008A013D /* Preview Content */,
				D7CEC8782DB87EF4008A013D /* Views */,
				D7CEC8792DB87EF4008A013D /* Assets.xcassets */,
				D7CEC87A2DB87EF4008A013D /* Info.plist */,
				D7CEC87B2DB87EF4008A013D /* LaunchScreen.storyboard */,
				D7CEC87C2DB87EF4008A013D /* SwiftLiftApp.swift */,
			);
			path = SwiftLift;
			sourceTree = "<group>";
		};
		D7D6E3AE2D8397DF0038A4B1 /* ci_scripts */ = {
			isa = PBXGroup;
			children = (
				D7D6E3B02D83A5B30038A4B1 /* ci_post_clone.sh */,
				D7D6E3AF2D839EAE0038A4B1 /* ci_post_xcodebuild.sh */,
			);
			path = ci_scripts;
			sourceTree = "<group>";
		};
/* End PBXGroup section */

/* Begin PBXNativeTarget section */
		D7B90E6C2AA8309500F9EC41 /* SwiftLift */ = {
			isa = PBXNativeTarget;
			buildConfigurationList = D7B90E7B2AA8309600F9EC41 /* Build configuration list for PBXNativeTarget "SwiftLift" */;
			buildPhases = (
				D7B90E692AA8309500F9EC41 /* Sources */,
				D7E2D77B2BF460D5006550F3 /* SwiftLint */,
				D7B90E6A2AA8309500F9EC41 /* Frameworks */,
				D7B90E6B2AA8309500F9EC41 /* Resources */,
				D7B90E9B2AA8E8FB00F9EC41 /* Set build number to date */,
			);
			buildRules = (
			);
			dependencies = (
			);
			name = SwiftLift;
			productName = SwiftLift;
			productReference = D7B90E6D2AA8309500F9EC41 /* SwiftLift.app */;
			productType = "com.apple.product-type.application";
		};
		D7FAB3132D852308000A49BD /* SwiftLiftUnitTests */ = {
			isa = PBXNativeTarget;
			buildConfigurationList = D7FAB31C2D852308000A49BD /* Build configuration list for PBXNativeTarget "SwiftLiftUnitTests" */;
			buildPhases = (
				D7FAB3102D852308000A49BD /* Sources */,
				D7FAB3112D852308000A49BD /* Frameworks */,
				D7FAB3122D852308000A49BD /* Resources */,
			);
			buildRules = (
			);
			dependencies = (
				D7FAB3192D852308000A49BD /* PBXTargetDependency */,
			);
			fileSystemSynchronizedGroups = (
				D7FAB3152D852308000A49BD /* SwiftLiftUnitTests */,
			);
			name = SwiftLiftUnitTests;
			packageProductDependencies = (
			);
			productName = SwiftLiftUnitTests;
			productReference = D7FAB3142D852308000A49BD /* SwiftLiftUnitTests.xctest */;
			productType = "com.apple.product-type.bundle.unit-test";
		};
		D7FAB3202D85232A000A49BD /* SwiftLiftUITests */ = {
			isa = PBXNativeTarget;
			buildConfigurationList = D7FAB3292D85232A000A49BD /* Build configuration list for PBXNativeTarget "SwiftLiftUITests" */;
			buildPhases = (
				D7FAB31D2D85232A000A49BD /* Sources */,
				D7FAB31E2D85232A000A49BD /* Frameworks */,
				D7FAB31F2D85232A000A49BD /* Resources */,
			);
			buildRules = (
			);
			dependencies = (
				D7FAB3282D85232A000A49BD /* PBXTargetDependency */,
			);
			fileSystemSynchronizedGroups = (
				D7FAB3222D85232A000A49BD /* SwiftLiftUITests */,
			);
			name = SwiftLiftUITests;
			packageProductDependencies = (
			);
			productName = SwiftLiftUITests;
			productReference = D7FAB3212D85232A000A49BD /* SwiftLiftUITests.xctest */;
			productType = "com.apple.product-type.bundle.ui-testing";
		};
/* End PBXNativeTarget section */

/* Begin PBXProject section */
		D7B90E652AA8309500F9EC41 /* Project object */ = {
			isa = PBXProject;
			attributes = {
				BuildIndependentTargetsInParallel = 1;
				LastSwiftUpdateCheck = 1620;
				LastUpgradeCheck = 1500;
				TargetAttributes = {
					D7B90E6C2AA8309500F9EC41 = {
						CreatedOnToolsVersion = 15.0;
					};
					D7FAB3132D852308000A49BD = {
						CreatedOnToolsVersion = 16.2;
						TestTargetID = D7B90E6C2AA8309500F9EC41;
					};
					D7FAB3202D85232A000A49BD = {
						CreatedOnToolsVersion = 16.2;
						TestTargetID = D7B90E6C2AA8309500F9EC41;
					};
				};
			};
			buildConfigurationList = D7B90E682AA8309500F9EC41 /* Build configuration list for PBXProject "SwiftLift" */;
			compatibilityVersion = "Xcode 15.0";
			developmentRegion = en;
			hasScannedForEncodings = 0;
			knownRegions = (
				en,
				Base,
			);
			mainGroup = D7B90E642AA8309500F9EC41;
			productRefGroup = D7B90E6E2AA8309500F9EC41 /* Products */;
			projectDirPath = "";
			projectRoot = "";
			targets = (
				D7B90E6C2AA8309500F9EC41 /* SwiftLift */,
				D7FAB3132D852308000A49BD /* SwiftLiftUnitTests */,
				D7FAB3202D85232A000A49BD /* SwiftLiftUITests */,
			);
		};
/* End PBXProject section */

/* Begin PBXResourcesBuildPhase section */
		D7B90E6B2AA8309500F9EC41 /* Resources */ = {
			isa = PBXResourcesBuildPhase;
			buildActionMask = 2147483647;
			files = (
				D7CEC87E2DB87EF4008A013D /* Lato-Black.ttf in Resources */,
				D7CEC87F2DB87EF4008A013D /* Lato-BlackItalic.ttf in Resources */,
				D7CEC8802DB87EF4008A013D /* Lato-Bold.ttf in Resources */,
				D7CEC8812DB87EF4008A013D /* Lato-BoldItalic.ttf in Resources */,
				D7CEC8822DB87EF4008A013D /* Lato-Italic.ttf in Resources */,
				D7CEC8832DB87EF4008A013D /* Lato-Light.ttf in Resources */,
				D7CEC8842DB87EF4008A013D /* Lato-LightItalic.ttf in Resources */,
				D7CEC8852DB87EF4008A013D /* Lato-Regular.ttf in Resources */,
				D7CEC8862DB87EF4008A013D /* Lato-Thin.ttf in Resources */,
				D7CEC8872DB87EF4008A013D /* Lato-ThinItalic.ttf in Resources */,
				D7CEC8882DB87EF4008A013D /* OpenSans.ttf in Resources */,
				D7CEC8892DB87EF4008A013D /* Preview Assets.xcassets in Resources */,
				D7CEC88A2DB87EF4008A013D /* Assets.xcassets in Resources */,
				D7CEC88C2DB87EF4008A013D /* LaunchScreen.storyboard in Resources */,
			);
			runOnlyForDeploymentPostprocessing = 0;
		};
		D7FAB3122D852308000A49BD /* Resources */ = {
			isa = PBXResourcesBuildPhase;
			buildActionMask = 2147483647;
			files = (
			);
			runOnlyForDeploymentPostprocessing = 0;
		};
		D7FAB31F2D85232A000A49BD /* Resources */ = {
			isa = PBXResourcesBuildPhase;
			buildActionMask = 2147483647;
			files = (
			);
			runOnlyForDeploymentPostprocessing = 0;
		};
/* End PBXResourcesBuildPhase section */

/* Begin PBXShellScriptBuildPhase section */
		D7B90E9B2AA8E8FB00F9EC41 /* Set build number to date */ = {
			isa = PBXShellScriptBuildPhase;
			alwaysOutOfDate = 1;
			buildActionMask = 2147483647;
			files = (
			);
			inputFileListPaths = (
			);
			inputPaths = (
			);
			name = "Set build number to date";
			outputFileListPaths = (
			);
			outputPaths = (
			);
			runOnlyForDeploymentPostprocessing = 0;
			shellPath = /bin/sh;
			shellScript = "## Generate the build number using current date and time\nbuildNumber=$(date \"+%Y.%m.%d.%H%M\")\n## Set the build number in plist file\n/usr/libexec/PlistBuddy -c \"Set :CFBundleVersion $buildNumber\" \"${TARGET_BUILD_DIR}/${INFOPLIST_PATH}\"\n";
		};
		D7E2D77B2BF460D5006550F3 /* SwiftLint */ = {
			isa = PBXShellScriptBuildPhase;
			alwaysOutOfDate = 1;
			buildActionMask = 2147483647;
			files = (
			);
			inputFileListPaths = (
			);
			inputPaths = (
			);
			name = SwiftLint;
			outputFileListPaths = (
			);
			outputPaths = (
			);
			runOnlyForDeploymentPostprocessing = 0;
			shellPath = /bin/sh;
			shellScript = "echo \"SwiftLint build phase triggered\"\n\nif [[ \"$(uname -m)\" == arm64 ]]; then\n    export PATH=\"/opt/homebrew/bin:$PATH\"\nfi\n\nif which swiftlint > /dev/null; then\n  swiftlint --version\n  swiftlint\nelse\n  echo \"warning: SwiftLint not installed, download from https://github.com/realm/SwiftLint\"\nfi\n";
		};
/* End PBXShellScriptBuildPhase section */

/* Begin PBXSourcesBuildPhase section */
		D7B90E692AA8309500F9EC41 /* Sources */ = {
			isa = PBXSourcesBuildPhase;
			buildActionMask = 2147483647;
			files = (
				D7CEC88D2DB87EF4008A013D /* LineChart.swift in Sources */,
				D7CEC88E2DB87EF4008A013D /* AppStorageManager.swift in Sources */,
				D7B682E12DBEB9F7008CC9B0 /* ImportRestoreView.swift in Sources */,
				D7CEC88F2DB87EF4008A013D /* BackupManager.swift in Sources */,
				D7CEC8902DB87EF4008A013D /* Debouncer.swift in Sources */,
				D7CEC8912DB87EF4008A013D /* LatoFont.swift in Sources */,
				D7CEC8922DB87EF4008A013D /* NumbersOnlyViewModifier.swift in Sources */,
				D7CEC8932DB87EF4008A013D /* SwiftDataPreviewContainer.swift in Sources */,
				D7CEC8942DB87EF4008A013D /* Activity.swift in Sources */,
				D7CEC8952DB87EF4008A013D /* Exercise.swift in Sources */,
				D7CEC8962DB87EF4008A013D /* SetData.swift in Sources */,
				D7CEC8972DB87EF4008A013D /* Workout.swift in Sources */,
				D7CEC8982DB87EF4008A013D /* HistoryDetail.swift in Sources */,
				D7CEC8992DB87EF4008A013D /* HistoryRow.swift in Sources */,
				D7CEC89A2DB87EF4008A013D /* HistoryView.swift in Sources */,
				D7CEC89B2DB87EF4008A013D /* ActivityView.swift in Sources */,
				D7CEC89C2DB87EF4008A013D /* ExerciseSearch.swift in Sources */,
				D7CEC89D2DB87EF4008A013D /* WorkoutView.swift in Sources */,
				D7CEC89E2DB87EF4008A013D /* HomeView.swift in Sources */,
				D7CEC89F2DB87EF4008A013D /* ProfileView.swift in Sources */,
				D7CEC8A02DB87EF4008A013D /* BackupRestoreView.swift in Sources */,
				D7CEC8A12DB87EF4008A013D /* SettingsView.swift in Sources */,
				D7CEC8A22DB87EF4008A013D /* StatsView.swift in Sources */,
				D7CEC8A32DB87EF4008A013D /* ComingSoon.swift in Sources */,
				D7CEC8A42DB87EF4008A013D /* MainTabView.swift in Sources */,
				D7CEC8A52DB87EF4008A013D /* Tester.swift in Sources */,
				D7CEC8A62DB87EF4008A013D /* SwiftLiftApp.swift in Sources */,
			);
			runOnlyForDeploymentPostprocessing = 0;
		};
		D7FAB3102D852308000A49BD /* Sources */ = {
			isa = PBXSourcesBuildPhase;
			buildActionMask = 2147483647;
			files = (
			);
			runOnlyForDeploymentPostprocessing = 0;
		};
		D7FAB31D2D85232A000A49BD /* Sources */ = {
			isa = PBXSourcesBuildPhase;
			buildActionMask = 2147483647;
			files = (
			);
			runOnlyForDeploymentPostprocessing = 0;
		};
/* End PBXSourcesBuildPhase section */

/* Begin PBXTargetDependency section */
		D7FAB3192D852308000A49BD /* PBXTargetDependency */ = {
			isa = PBXTargetDependency;
			target = D7B90E6C2AA8309500F9EC41 /* SwiftLift */;
			targetProxy = D7FAB3182D852308000A49BD /* PBXContainerItemProxy */;
		};
		D7FAB3282D85232A000A49BD /* PBXTargetDependency */ = {
			isa = PBXTargetDependency;
			target = D7B90E6C2AA8309500F9EC41 /* SwiftLift */;
			targetProxy = D7FAB3272D85232A000A49BD /* PBXContainerItemProxy */;
		};
/* End PBXTargetDependency section */

/* Begin XCBuildConfiguration section */
		D7B90E792AA8309600F9EC41 /* Debug */ = {
			isa = XCBuildConfiguration;
			buildSettings = {
				ALWAYS_SEARCH_USER_PATHS = NO;
				ASSETCATALOG_COMPILER_GENERATE_SWIFT_ASSET_SYMBOL_EXTENSIONS = YES;
				CLANG_ANALYZER_NONNULL = YES;
				CLANG_ANALYZER_NUMBER_OBJECT_CONVERSION = YES_AGGRESSIVE;
				CLANG_CXX_LANGUAGE_STANDARD = "gnu++20";
				CLANG_ENABLE_MODULES = YES;
				CLANG_ENABLE_OBJC_ARC = YES;
				CLANG_ENABLE_OBJC_WEAK = YES;
				CLANG_WARN_BLOCK_CAPTURE_AUTORELEASING = YES;
				CLANG_WARN_BOOL_CONVERSION = YES;
				CLANG_WARN_COMMA = YES;
				CLANG_WARN_CONSTANT_CONVERSION = YES;
				CLANG_WARN_DEPRECATED_OBJC_IMPLEMENTATIONS = YES;
				CLANG_WARN_DIRECT_OBJC_ISA_USAGE = YES_ERROR;
				CLANG_WARN_DOCUMENTATION_COMMENTS = YES;
				CLANG_WARN_EMPTY_BODY = YES;
				CLANG_WARN_ENUM_CONVERSION = YES;
				CLANG_WARN_INFINITE_RECURSION = YES;
				CLANG_WARN_INT_CONVERSION = YES;
				CLANG_WARN_NON_LITERAL_NULL_CONVERSION = YES;
				CLANG_WARN_OBJC_IMPLICIT_RETAIN_SELF = YES;
				CLANG_WARN_OBJC_LITERAL_CONVERSION = YES;
				CLANG_WARN_OBJC_ROOT_CLASS = YES_ERROR;
				CLANG_WARN_QUOTED_INCLUDE_IN_FRAMEWORK_HEADER = YES;
				CLANG_WARN_RANGE_LOOP_ANALYSIS = YES;
				CLANG_WARN_STRICT_PROTOTYPES = YES;
				CLANG_WARN_SUSPICIOUS_MOVE = YES;
				CLANG_WARN_UNGUARDED_AVAILABILITY = YES_AGGRESSIVE;
				CLANG_WARN_UNREACHABLE_CODE = YES;
				CLANG_WARN__DUPLICATE_METHOD_MATCH = YES;
				COPY_PHASE_STRIP = NO;
				DEBUG_INFORMATION_FORMAT = dwarf;
				ENABLE_STRICT_OBJC_MSGSEND = YES;
				ENABLE_TESTABILITY = YES;
				ENABLE_USER_SCRIPT_SANDBOXING = YES;
				GCC_C_LANGUAGE_STANDARD = gnu17;
				GCC_DYNAMIC_NO_PIC = NO;
				GCC_NO_COMMON_BLOCKS = YES;
				GCC_OPTIMIZATION_LEVEL = 0;
				GCC_PREPROCESSOR_DEFINITIONS = (
					"DEBUG=1",
					"$(inherited)",
				);
				GCC_WARN_64_TO_32_BIT_CONVERSION = YES;
				GCC_WARN_ABOUT_RETURN_TYPE = YES_ERROR;
				GCC_WARN_UNDECLARED_SELECTOR = YES;
				GCC_WARN_UNINITIALIZED_AUTOS = YES_AGGRESSIVE;
				GCC_WARN_UNUSED_FUNCTION = YES;
				GCC_WARN_UNUSED_VARIABLE = YES;
				IPHONEOS_DEPLOYMENT_TARGET = 17.0;
				LOCALIZATION_PREFERS_STRING_CATALOGS = YES;
				MTL_ENABLE_DEBUG_INFO = INCLUDE_SOURCE;
				MTL_FAST_MATH = YES;
				ONLY_ACTIVE_ARCH = YES;
				SDKROOT = iphoneos;
				SWIFT_ACTIVE_COMPILATION_CONDITIONS = "DEBUG $(inherited)";
				SWIFT_OPTIMIZATION_LEVEL = "-Onone";
			};
			name = Debug;
		};
		D7B90E7A2AA8309600F9EC41 /* Release */ = {
			isa = XCBuildConfiguration;
			buildSettings = {
				ALWAYS_SEARCH_USER_PATHS = NO;
				ASSETCATALOG_COMPILER_GENERATE_SWIFT_ASSET_SYMBOL_EXTENSIONS = YES;
				CLANG_ANALYZER_NONNULL = YES;
				CLANG_ANALYZER_NUMBER_OBJECT_CONVERSION = YES_AGGRESSIVE;
				CLANG_CXX_LANGUAGE_STANDARD = "gnu++20";
				CLANG_ENABLE_MODULES = YES;
				CLANG_ENABLE_OBJC_ARC = YES;
				CLANG_ENABLE_OBJC_WEAK = YES;
				CLANG_WARN_BLOCK_CAPTURE_AUTORELEASING = YES;
				CLANG_WARN_BOOL_CONVERSION = YES;
				CLANG_WARN_COMMA = YES;
				CLANG_WARN_CONSTANT_CONVERSION = YES;
				CLANG_WARN_DEPRECATED_OBJC_IMPLEMENTATIONS = YES;
				CLANG_WARN_DIRECT_OBJC_ISA_USAGE = YES_ERROR;
				CLANG_WARN_DOCUMENTATION_COMMENTS = YES;
				CLANG_WARN_EMPTY_BODY = YES;
				CLANG_WARN_ENUM_CONVERSION = YES;
				CLANG_WARN_INFINITE_RECURSION = YES;
				CLANG_WARN_INT_CONVERSION = YES;
				CLANG_WARN_NON_LITERAL_NULL_CONVERSION = YES;
				CLANG_WARN_OBJC_IMPLICIT_RETAIN_SELF = YES;
				CLANG_WARN_OBJC_LITERAL_CONVERSION = YES;
				CLANG_WARN_OBJC_ROOT_CLASS = YES_ERROR;
				CLANG_WARN_QUOTED_INCLUDE_IN_FRAMEWORK_HEADER = YES;
				CLANG_WARN_RANGE_LOOP_ANALYSIS = YES;
				CLANG_WARN_STRICT_PROTOTYPES = YES;
				CLANG_WARN_SUSPICIOUS_MOVE = YES;
				CLANG_WARN_UNGUARDED_AVAILABILITY = YES_AGGRESSIVE;
				CLANG_WARN_UNREACHABLE_CODE = YES;
				CLANG_WARN__DUPLICATE_METHOD_MATCH = YES;
				COPY_PHASE_STRIP = NO;
				DEBUG_INFORMATION_FORMAT = "dwarf-with-dsym";
				ENABLE_NS_ASSERTIONS = NO;
				ENABLE_STRICT_OBJC_MSGSEND = YES;
				ENABLE_USER_SCRIPT_SANDBOXING = YES;
				GCC_C_LANGUAGE_STANDARD = gnu17;
				GCC_NO_COMMON_BLOCKS = YES;
				GCC_WARN_64_TO_32_BIT_CONVERSION = YES;
				GCC_WARN_ABOUT_RETURN_TYPE = YES_ERROR;
				GCC_WARN_UNDECLARED_SELECTOR = YES;
				GCC_WARN_UNINITIALIZED_AUTOS = YES_AGGRESSIVE;
				GCC_WARN_UNUSED_FUNCTION = YES;
				GCC_WARN_UNUSED_VARIABLE = YES;
				IPHONEOS_DEPLOYMENT_TARGET = 17.0;
				LOCALIZATION_PREFERS_STRING_CATALOGS = YES;
				MTL_ENABLE_DEBUG_INFO = NO;
				MTL_FAST_MATH = YES;
				SDKROOT = iphoneos;
				SWIFT_COMPILATION_MODE = wholemodule;
				VALIDATE_PRODUCT = YES;
			};
			name = Release;
		};
		D7B90E7C2AA8309600F9EC41 /* Debug */ = {
			isa = XCBuildConfiguration;
			buildSettings = {
				ASSETCATALOG_COMPILER_APPICON_NAME = AppIcon;
				ASSETCATALOG_COMPILER_GLOBAL_ACCENT_COLOR_NAME = AccentColor;
				CODE_SIGN_STYLE = Automatic;
				CURRENT_PROJECT_VERSION = 0.0;
				DEVELOPMENT_ASSET_PATHS = "\"SwiftLift/Preview Content\"";
				DEVELOPMENT_TEAM = A6M3VA78J8;
				ENABLE_PREVIEWS = YES;
				ENABLE_USER_SCRIPT_SANDBOXING = NO;
				GENERATE_INFOPLIST_FILE = YES;
				INFOPLIST_FILE = SwiftLift/Info.plist;
				INFOPLIST_KEY_CFBundleDisplayName = SwiftLift;
				INFOPLIST_KEY_ITSAppUsesNonExemptEncryption = NO;
				INFOPLIST_KEY_LSApplicationCategoryType = "public.app-category.healthcare-fitness";
				INFOPLIST_KEY_UIApplicationSceneManifest_Generation = YES;
				INFOPLIST_KEY_UIApplicationSupportsIndirectInputEvents = YES;
				INFOPLIST_KEY_UILaunchStoryboardName = LaunchScreen;
				INFOPLIST_KEY_UIRequiresFullScreen = YES;
				INFOPLIST_KEY_UISupportedInterfaceOrientations = "UIInterfaceOrientationPortrait UIInterfaceOrientationPortraitUpsideDown";
				ITSAppUsesNonExemptEncryption = NO;
				LD_RUNPATH_SEARCH_PATHS = (
					"$(inherited)",
					"@executable_path/Frameworks",
				);
				MARKETING_VERSION = 0.1.0;
				PRODUCT_BUNDLE_IDENTIFIER = com.jadenzaleski.SwiftLift;
				PRODUCT_NAME = "$(TARGET_NAME)";
				SUPPORTED_PLATFORMS = "iphoneos iphonesimulator";
				SUPPORTS_MACCATALYST = NO;
				SUPPORTS_XR_DESIGNED_FOR_IPHONE_IPAD = NO;
				SWIFT_EMIT_LOC_STRINGS = YES;
				SWIFT_VERSION = 5.0;
				TARGETED_DEVICE_FAMILY = "1,2";
			};
			name = Debug;
		};
		D7B90E7D2AA8309600F9EC41 /* Release */ = {
			isa = XCBuildConfiguration;
			buildSettings = {
				ASSETCATALOG_COMPILER_APPICON_NAME = AppIcon;
				ASSETCATALOG_COMPILER_GLOBAL_ACCENT_COLOR_NAME = AccentColor;
				CODE_SIGN_STYLE = Automatic;
				CURRENT_PROJECT_VERSION = 0.0;
				DEVELOPMENT_ASSET_PATHS = "\"SwiftLift/Preview Content\"";
				DEVELOPMENT_TEAM = A6M3VA78J8;
				ENABLE_PREVIEWS = YES;
				ENABLE_USER_SCRIPT_SANDBOXING = NO;
				GENERATE_INFOPLIST_FILE = YES;
				INFOPLIST_FILE = SwiftLift/Info.plist;
				INFOPLIST_KEY_CFBundleDisplayName = SwiftLift;
				INFOPLIST_KEY_ITSAppUsesNonExemptEncryption = NO;
				INFOPLIST_KEY_LSApplicationCategoryType = "public.app-category.healthcare-fitness";
				INFOPLIST_KEY_UIApplicationSceneManifest_Generation = YES;
				INFOPLIST_KEY_UIApplicationSupportsIndirectInputEvents = YES;
				INFOPLIST_KEY_UILaunchStoryboardName = LaunchScreen;
				INFOPLIST_KEY_UIRequiresFullScreen = YES;
				INFOPLIST_KEY_UISupportedInterfaceOrientations = "UIInterfaceOrientationPortrait UIInterfaceOrientationPortraitUpsideDown";
				ITSAppUsesNonExemptEncryption = NO;
				LD_RUNPATH_SEARCH_PATHS = (
					"$(inherited)",
					"@executable_path/Frameworks",
				);
				MARKETING_VERSION = 0.1.0;
				PRODUCT_BUNDLE_IDENTIFIER = com.jadenzaleski.SwiftLift;
				PRODUCT_NAME = "$(TARGET_NAME)";
				SUPPORTED_PLATFORMS = "iphoneos iphonesimulator";
				SUPPORTS_MACCATALYST = NO;
				SUPPORTS_XR_DESIGNED_FOR_IPHONE_IPAD = NO;
				SWIFT_EMIT_LOC_STRINGS = YES;
				SWIFT_VERSION = 5.0;
				TARGETED_DEVICE_FAMILY = "1,2";
			};
			name = Release;
		};
		D7FAB31A2D852308000A49BD /* Debug */ = {
			isa = XCBuildConfiguration;
			buildSettings = {
				BUNDLE_LOADER = "$(TEST_HOST)";
				CODE_SIGN_STYLE = Automatic;
				CURRENT_PROJECT_VERSION = 1;
				DEVELOPMENT_TEAM = A6M3VA78J8;
				GENERATE_INFOPLIST_FILE = YES;
				IPHONEOS_DEPLOYMENT_TARGET = 18.2;
				MARKETING_VERSION = 0.0.3;
				PRODUCT_BUNDLE_IDENTIFIER = com.jadenzaleski.SwiftLiftUnitTests;
				PRODUCT_NAME = "$(TARGET_NAME)";
				SWIFT_EMIT_LOC_STRINGS = NO;
				SWIFT_VERSION = 5.0;
				TARGETED_DEVICE_FAMILY = "1,2";
				TEST_HOST = "$(BUILT_PRODUCTS_DIR)/SwiftLift.app/$(BUNDLE_EXECUTABLE_FOLDER_PATH)/SwiftLift";
			};
			name = Debug;
		};
		D7FAB31B2D852308000A49BD /* Release */ = {
			isa = XCBuildConfiguration;
			buildSettings = {
				BUNDLE_LOADER = "$(TEST_HOST)";
				CODE_SIGN_STYLE = Automatic;
				CURRENT_PROJECT_VERSION = 1;
				DEVELOPMENT_TEAM = A6M3VA78J8;
				GENERATE_INFOPLIST_FILE = YES;
				IPHONEOS_DEPLOYMENT_TARGET = 18.2;
				MARKETING_VERSION = 0.0.3;
				PRODUCT_BUNDLE_IDENTIFIER = com.jadenzaleski.SwiftLiftUnitTests;
				PRODUCT_NAME = "$(TARGET_NAME)";
				SWIFT_EMIT_LOC_STRINGS = NO;
				SWIFT_VERSION = 5.0;
				TARGETED_DEVICE_FAMILY = "1,2";
				TEST_HOST = "$(BUILT_PRODUCTS_DIR)/SwiftLift.app/$(BUNDLE_EXECUTABLE_FOLDER_PATH)/SwiftLift";
			};
			name = Release;
		};
		D7FAB32A2D85232A000A49BD /* Debug */ = {
			isa = XCBuildConfiguration;
			buildSettings = {
				CODE_SIGN_STYLE = Automatic;
				CURRENT_PROJECT_VERSION = 1;
				DEVELOPMENT_TEAM = A6M3VA78J8;
				GENERATE_INFOPLIST_FILE = YES;
				IPHONEOS_DEPLOYMENT_TARGET = 18.2;
				MARKETING_VERSION = 0.0.3;
				PRODUCT_BUNDLE_IDENTIFIER = com.jadenzaleski.SwiftLiftUITests;
				PRODUCT_NAME = "$(TARGET_NAME)";
				SWIFT_EMIT_LOC_STRINGS = NO;
				SWIFT_VERSION = 5.0;
				TARGETED_DEVICE_FAMILY = "1,2";
				TEST_TARGET_NAME = SwiftLift;
			};
			name = Debug;
		};
		D7FAB32B2D85232A000A49BD /* Release */ = {
			isa = XCBuildConfiguration;
			buildSettings = {
				CODE_SIGN_STYLE = Automatic;
				CURRENT_PROJECT_VERSION = 1;
				DEVELOPMENT_TEAM = A6M3VA78J8;
				GENERATE_INFOPLIST_FILE = YES;
				IPHONEOS_DEPLOYMENT_TARGET = 18.2;
				MARKETING_VERSION = 0.0.3;
				PRODUCT_BUNDLE_IDENTIFIER = com.jadenzaleski.SwiftLiftUITests;
				PRODUCT_NAME = "$(TARGET_NAME)";
				SWIFT_EMIT_LOC_STRINGS = NO;
				SWIFT_VERSION = 5.0;
				TARGETED_DEVICE_FAMILY = "1,2";
				TEST_TARGET_NAME = SwiftLift;
			};
			name = Release;
		};
/* End XCBuildConfiguration section */

/* Begin XCConfigurationList section */
		D7B90E682AA8309500F9EC41 /* Build configuration list for PBXProject "SwiftLift" */ = {
			isa = XCConfigurationList;
			buildConfigurations = (
				D7B90E792AA8309600F9EC41 /* Debug */,
				D7B90E7A2AA8309600F9EC41 /* Release */,
			);
			defaultConfigurationIsVisible = 0;
			defaultConfigurationName = Release;
		};
		D7B90E7B2AA8309600F9EC41 /* Build configuration list for PBXNativeTarget "SwiftLift" */ = {
			isa = XCConfigurationList;
			buildConfigurations = (
				D7B90E7C2AA8309600F9EC41 /* Debug */,
				D7B90E7D2AA8309600F9EC41 /* Release */,
			);
			defaultConfigurationIsVisible = 0;
			defaultConfigurationName = Release;
		};
		D7FAB31C2D852308000A49BD /* Build configuration list for PBXNativeTarget "SwiftLiftUnitTests" */ = {
			isa = XCConfigurationList;
			buildConfigurations = (
				D7FAB31A2D852308000A49BD /* Debug */,
				D7FAB31B2D852308000A49BD /* Release */,
			);
			defaultConfigurationIsVisible = 0;
			defaultConfigurationName = Release;
		};
		D7FAB3292D85232A000A49BD /* Build configuration list for PBXNativeTarget "SwiftLiftUITests" */ = {
			isa = XCConfigurationList;
			buildConfigurations = (
				D7FAB32A2D85232A000A49BD /* Debug */,
				D7FAB32B2D85232A000A49BD /* Release */,
			);
			defaultConfigurationIsVisible = 0;
			defaultConfigurationName = Release;
		};
/* End XCConfigurationList section */
	};
	rootObject = D7B90E652AA8309500F9EC41 /* Project object */;
}
